{
    "_meta": {
        "hash": {
            "sha256": "263785e5da57e27df304998a6125c2fed36d286d2054112679d18e52bd2f6974"
        },
        "pipfile-spec": 6,
        "requires": {
            "python_version": "3.10"
        },
        "sources": [
            {
                "name": "pypi",
                "url": "https://pypi.org/simple",
                "verify_ssl": true
            }
        ]
    },
    "default": {
        "flake8": {
            "hashes": [
                "sha256:6fbe320aad8d6b95cec8b8e47bc933004678dc63095be98528b7bdd2a9f510db",
                "sha256:7a1cf6b73744f5806ab95e526f6f0d8c01c66d7bbe349562d22dfca20610b248"
            ],
            "index": "pypi",
            "version": "==5.0.4"
        },
        "mccabe": {
            "hashes": [
                "sha256:348e0240c33b60bbdf4e523192ef919f28cb2c3d7d5c7794f74009290f236325",
                "sha256:6c2d30ab6be0e4a46919781807b4f0d834ebdd6c6e3dca0bda5a15f863427b6e"
            ],
            "markers": "python_version >= '3.6'",
            "version": "==0.7.0"
        },
        "pycodestyle": {
            "hashes": [
                "sha256:2c9607871d58c76354b697b42f5d57e1ada7d261c261efac224b664affdc5785",
                "sha256:d1735fc58b418fd7c5f658d28d943854f8a849b01a5d0a1e6f3f3fdd0166804b"
            ],
            "markers": "python_version >= '3.6'",
            "version": "==2.9.1"
        },
        "pyflakes": {
            "hashes": [
                "sha256:4579f67d887f804e67edb544428f264b7b24f435b263c4614f384135cea553d2",
                "sha256:491feb020dca48ccc562a8c0cbe8df07ee13078df59813b83959cbdada312ea3"
            ],
            "markers": "python_version >= '3.6'",
            "version": "==2.5.0"
        },
        "python-box": {
            "hashes": [
                "sha256:113f4fb6aca9df22689e39f411b4b7cc74d3b284f2fa927666404a58d399f438",
                "sha256:2565dd56d5e9107e1499ab864f7a4dcd60f63dd5d68215a019308e36c0c98dbc",
                "sha256:3a43baf2fdee399c7b3df425e2df163e9551f1d8b40ceb213f9cc0a952effa77",
                "sha256:41ae4ef7d8336b377b9caa1c1ef5b1efff3aaebe72f580eeb641c01a15288953",
                "sha256:449b190d5d8dae6b5ed67a71a0eff57bf9d9654bee2c3e21e54f0489ec0f8fd9",
                "sha256:6cbf14b96afabaeaf6cd8c1da7c05704b0ab84cbd39188826d3fe6b2eed9bc1d",
                "sha256:8595d6916eb2ee6c097066886faa5a3fc9392abba8835faa63fd189d1b6ec11b",
                "sha256:8b76359be83ea5d82c3d5ad20614acba522455f4f8c2aecf99847b72acd2db95",
                "sha256:99e9f88069855e76cbc4846527d35bc9d1858f2272ab741f29a71c92b72b7b5b",
                "sha256:a8f2c20c838d565b92e8733aaa24ea12c0d82f1e415b996e0ef664ac7d02938e",
                "sha256:b81a5398fdb97de5def918b6c206e3185c173e638d8ded9a3f0e5ef8f3e9da91",
                "sha256:c15f09fa2a8730702115396b490ddc17dde3d4276a4f24eb754e35f102c41347",
                "sha256:ce824e4625bb121ef265f7eac54b29ff1c038b4c523bfea606582d8c6185737d",
                "sha256:dbc85880cd01b1272509d660517d0fac94f104f902cc31647d1a27be070d37b3"
            ],
            "index": "pypi",
            "version": "==6.0.2"
        }
    },
    "develop": {}
}
